<?xml version="1.0" encoding="UTF-8" standalone="yes" ?>
<CodeBlocks_project_file>
	<FileVersion major="1" minor="6" />
	<Project>
		<Option title="LabExercise10" />
		<Option pch_mode="2" />
		<Option compiler="gcc" />
		<Build>
			<Target title="Debug">
				<Option output="bin/Debug/LabExercise10" prefix_auto="1" extension_auto="1" />
				<Option object_output="obj/Debug/" />
				<Option type="1" />
				<Option compiler="gcc" />
				<Compiler>
					<Add option="-g" />
				</Compiler>
			</Target>
			<Target title="Release">
				<Option output="bin/Release/LabExercise10" prefix_auto="1" extension_auto="1" />
				<Option object_output="obj/Release/" />
				<Option type="1" />
				<Option compiler="gcc" />
				<Compiler>
					<Add option="-O2" />
				</Compiler>
				<Linker>
					<Add option="-s" />
				</Linker>
			</Target>
		</Build>
		<Compiler>
			<Add option="-Wall" />
			<Add option="-fexceptions" />
		</Compiler>
		<Unit filename="ImageManipulation.cpp" />
		<Unit filename="ImageManipulation.h" />
		<Unit filename="Meteor.cpp" />
		<Unit filename="Meteor.h" />
		<Unit filename="ReadBMP.cpp" />
		<Unit filename="ReadBMP.h" />
		<Unit filename="Satellite.cpp" />
		<Unit filename="Satellite.h" />
		<Unit filename="SpaceStation.cpp" />
		<Unit filename="SpaceStation.h" />
		<Unit filename="TextureMapping.cpp" />
		<Unit filename="spaceship.cpp" />
		<Unit filename="spaceship.h" />
		<Extensions>
			<code_completion />
			<envvars />
			<debugger />
		</Extensions>
	</Project>
</CodeBlocks_project_file>
